// !$*UTF8*$!
{
	archiveVersion = 1;
	classes = {
	};
	objectVersion = 46;
	objects = {

/* Begin PBXBuildFile section */
		DC9920721C58BF3D00BEBA90 /* backTo.png in Resources */ = {isa = PBXBuildFile; fileRef = DC9920711C58BF3D00BEBA90 /* backTo.png */; };
		DCBD86FE1C52535300333BB5 /* DialingCallViewController.m in Sources */ = {isa = PBXBuildFile; fileRef = DCBD86FD1C52535300333BB5 /* DialingCallViewController.m */; };
		DCBD87001C52583900333BB5 /* mute.png in Resources */ = {isa = PBXBuildFile; fileRef = DCBD86FF1C52583900333BB5 /* mute.png */; };
		DCBD87021C525DBB00333BB5 /* muteImg.png in Resources */ = {isa = PBXBuildFile; fileRef = DCBD87011C525DBB00333BB5 /* muteImg.png */; };
		DCBD870A1C5260A800333BB5 /* ampImg.png in Resources */ = {isa = PBXBuildFile; fileRef = DCBD87091C5260A800333BB5 /* ampImg.png */; };
		DCBD870E1C52632500333BB5 /* dialpadImg.png in Resources */ = {isa = PBXBuildFile; fileRef = DCBD870D1C52632500333BB5 /* dialpadImg.png */; };
		DCBD87BC1C57A89E00333BB5 /* #.png in Resources */ = {isa = PBXBuildFile; fileRef = DCBD87B21C57A89E00333BB5 /* #.png */; };
		DCBD87BD1C57A89E00333BB5 /* 1.png in Resources */ = {isa = PBXBuildFile; fileRef = DCBD87B31C57A89E00333BB5 /* 1.png */; };
		DCBD87BE1C57A89E00333BB5 /* 2.png in Resources */ = {isa = PBXBuildFile; fileRef = DCBD87B41C57A89E00333BB5 /* 2.png */; };
		DCBD87BF1C57A89E00333BB5 /* 3.png in Resources */ = {isa = PBXBuildFile; fileRef = DCBD87B51C57A89E00333BB5 /* 3.png */; };
		DCBD87C01C57A89E00333BB5 /* 4.png in Resources */ = {isa = PBXBuildFile; fileRef = DCBD87B61C57A89E00333BB5 /* 4.png */; };
		DCBD87C11C57A89E00333BB5 /* 5.png in Resources */ = {isa = PBXBuildFile; fileRef = DCBD87B71C57A89E00333BB5 /* 5.png */; };
		DCBD87C21C57A89E00333BB5 /* 6.png in Resources */ = {isa = PBXBuildFile; fileRef = DCBD87B81C57A89E00333BB5 /* 6.png */; };
		DCBD87C31C57A89E00333BB5 /* 7.png in Resources */ = {isa = PBXBuildFile; fileRef = DCBD87B91C57A89E00333BB5 /* 7.png */; };
		DCBD87C41C57A89E00333BB5 /* 8.png in Resources */ = {isa = PBXBuildFile; fileRef = DCBD87BA1C57A89E00333BB5 /* 8.png */; };
		DCBD87C51C57A89E00333BB5 /* 9.png in Resources */ = {isa = PBXBuildFile; fileRef = DCBD87BB1C57A89E00333BB5 /* 9.png */; };
		DCBD87C71C57ACA100333BB5 /* 0.png in Resources */ = {isa = PBXBuildFile; fileRef = DCBD87C61C57ACA100333BB5 /* 0.png */; };
		DCBD87C91C57B22F00333BB5 /* back.png in Resources */ = {isa = PBXBuildFile; fileRef = DCBD87C81C57B22F00333BB5 /* back.png */; };
		DCBD87CB1C57B4CC00333BB5 /* digest.png in Resources */ = {isa = PBXBuildFile; fileRef = DCBD87CA1C57B4CC00333BB5 /* digest.png */; };
		DCBD87CE1C57B61A00333BB5 /* PhoneNumberFormatter.m in Sources */ = {isa = PBXBuildFile; fileRef = DCBD87CD1C57B61A00333BB5 /* PhoneNumberFormatter.m */; };
		DCBD87D11C57C17E00333BB5 /* DialPad.m in Sources */ = {isa = PBXBuildFile; fileRef = DCBD87D01C57C17E00333BB5 /* DialPad.m */; };
		DCBD87D41C57CFCC00333BB5 /* GSPJUtil.m in Sources */ = {isa = PBXBuildFile; fileRef = DCBD87D31C57CFCC00333BB5 /* GSPJUtil.m */; };
		DCC097471C795D0F00F78E6F /* HistoryViewController.m in Sources */ = {isa = PBXBuildFile; fileRef = DCC097461C795D0F00F78E6F /* HistoryViewController.m */; };
		DCC0974A1C795F0D00F78E6F /* ContactViewController.m in Sources */ = {isa = PBXBuildFile; fileRef = DCC097491C795F0D00F78E6F /* ContactViewController.m */; };
		DCC0974E1C7AA85F00F78E6F /* contacttab.png in Resources */ = {isa = PBXBuildFile; fileRef = DCC0974B1C7AA85F00F78E6F /* contacttab.png */; };
		DCC0974F1C7AA85F00F78E6F /* dialpadtab.png in Resources */ = {isa = PBXBuildFile; fileRef = DCC0974C1C7AA85F00F78E6F /* dialpadtab.png */; };
		DCC097501C7AA85F00F78E6F /* recenttab.png in Resources */ = {isa = PBXBuildFile; fileRef = DCC0974D1C7AA85F00F78E6F /* recenttab.png */; };
		DCC0CD9B1C514B6A00A7D00E /* RestWebService.m in Sources */ = {isa = PBXBuildFile; fileRef = DCC0CD9A1C514B6A00A7D00E /* RestWebService.m */; };
		DCC8197B1C4FE3FF00EC8685 /* main.m in Sources */ = {isa = PBXBuildFile; fileRef = DCC8197A1C4FE3FF00EC8685 /* main.m */; };
		DCC8197E1C4FE3FF00EC8685 /* AppDelegate.m in Sources */ = {isa = PBXBuildFile; fileRef = DCC8197D1C4FE3FF00EC8685 /* AppDelegate.m */; };
		DCC819811C4FE3FF00EC8685 /* Bragi.xcdatamodeld in Sources */ = {isa = PBXBuildFile; fileRef = DCC8197F1C4FE3FF00EC8685 /* Bragi.xcdatamodeld */; };
		DCC819841C4FE3FF00EC8685 /* ViewController.m in Sources */ = {isa = PBXBuildFile; fileRef = DCC819831C4FE3FF00EC8685 /* ViewController.m */; };
		DCC819871C4FE3FF00EC8685 /* Main.storyboard in Resources */ = {isa = PBXBuildFile; fileRef = DCC819851C4FE3FF00EC8685 /* Main.storyboard */; };
		DCC819891C4FE3FF00EC8685 /* Images.xcassets in Resources */ = {isa = PBXBuildFile; fileRef = DCC819881C4FE3FF00EC8685 /* Images.xcassets */; };
		DCC8198C1C4FE3FF00EC8685 /* LaunchScreen.xib in Resources */ = {isa = PBXBuildFile; fileRef = DCC8198A1C4FE3FF00EC8685 /* LaunchScreen.xib */; };
		DCC819981C4FE3FF00EC8685 /* BragiTests.m in Sources */ = {isa = PBXBuildFile; fileRef = DCC819971C4FE3FF00EC8685 /* BragiTests.m */; };
		DCC81B041C4FE42800EC8685 /* libpj-arm-apple-darwin9.a in Frameworks */ = {isa = PBXBuildFile; fileRef = DCC81AE31C4FE42800EC8685 /* libpj-arm-apple-darwin9.a */; };
		DCC81B051C4FE42800EC8685 /* libpjlib-util-arm-apple-darwin9.a in Frameworks */ = {isa = PBXBuildFile; fileRef = DCC81AE51C4FE42800EC8685 /* libpjlib-util-arm-apple-darwin9.a */; };
		DCC81B061C4FE42800EC8685 /* libpjmedia-arm-apple-darwin9.a in Frameworks */ = {isa = PBXBuildFile; fileRef = DCC81AE71C4FE42800EC8685 /* libpjmedia-arm-apple-darwin9.a */; };
		DCC81B071C4FE42800EC8685 /* libpjmedia-audiodev-arm-apple-darwin9.a in Frameworks */ = {isa = PBXBuildFile; fileRef = DCC81AE81C4FE42800EC8685 /* libpjmedia-audiodev-arm-apple-darwin9.a */; };
		DCC81B081C4FE42800EC8685 /* libpjmedia-codec-arm-apple-darwin9.a in Frameworks */ = {isa = PBXBuildFile; fileRef = DCC81AE91C4FE42800EC8685 /* libpjmedia-codec-arm-apple-darwin9.a */; };
		DCC81B091C4FE42800EC8685 /* libpjmedia-videodev-arm-apple-darwin9.a in Frameworks */ = {isa = PBXBuildFile; fileRef = DCC81AEA1C4FE42800EC8685 /* libpjmedia-videodev-arm-apple-darwin9.a */; };
		DCC81B0A1C4FE42800EC8685 /* libpjsdp-arm-apple-darwin9.a in Frameworks */ = {isa = PBXBuildFile; fileRef = DCC81AEB1C4FE42800EC8685 /* libpjsdp-arm-apple-darwin9.a */; };
		DCC81B0B1C4FE42800EC8685 /* libpjnath-arm-apple-darwin9.a in Frameworks */ = {isa = PBXBuildFile; fileRef = DCC81AED1C4FE42800EC8685 /* libpjnath-arm-apple-darwin9.a */; };
		DCC81B0C1C4FE42800EC8685 /* libpjsip-arm-apple-darwin9.a in Frameworks */ = {isa = PBXBuildFile; fileRef = DCC81AEF1C4FE42800EC8685 /* libpjsip-arm-apple-darwin9.a */; };
		DCC81B0D1C4FE42800EC8685 /* libpjsip-simple-arm-apple-darwin9.a in Frameworks */ = {isa = PBXBuildFile; fileRef = DCC81AF01C4FE42800EC8685 /* libpjsip-simple-arm-apple-darwin9.a */; };
		DCC81B0E1C4FE42800EC8685 /* libpjsip-ua-arm-apple-darwin9.a in Frameworks */ = {isa = PBXBuildFile; fileRef = DCC81AF11C4FE42800EC8685 /* libpjsip-ua-arm-apple-darwin9.a */; };
		DCC81B0F1C4FE42800EC8685 /* libpjsua-arm-apple-darwin9.a in Frameworks */ = {isa = PBXBuildFile; fileRef = DCC81AF21C4FE42800EC8685 /* libpjsua-arm-apple-darwin9.a */; };
		DCC81B101C4FE42800EC8685 /* libcrypto.a in Frameworks */ = {isa = PBXBuildFile; fileRef = DCC81AF41C4FE42800EC8685 /* libcrypto.a */; };
		DCC81B111C4FE42800EC8685 /* libg7221codec-arm-apple-darwin9.a in Frameworks */ = {isa = PBXBuildFile; fileRef = DCC81AF51C4FE42800EC8685 /* libg7221codec-arm-apple-darwin9.a */; };
		DCC81B121C4FE42800EC8685 /* libgsmcodec-arm-apple-darwin9.a in Frameworks */ = {isa = PBXBuildFile; fileRef = DCC81AF61C4FE42800EC8685 /* libgsmcodec-arm-apple-darwin9.a */; };
		DCC81B131C4FE42800EC8685 /* libilbccodec-arm-apple-darwin9.a in Frameworks */ = {isa = PBXBuildFile; fileRef = DCC81AF71C4FE42800EC8685 /* libilbccodec-arm-apple-darwin9.a */; };
		DCC81B141C4FE42800EC8685 /* libopencore-amrnb.a in Frameworks */ = {isa = PBXBuildFile; fileRef = DCC81AF81C4FE42800EC8685 /* libopencore-amrnb.a */; };
		DCC81B151C4FE42800EC8685 /* libopencore-amrwb.a in Frameworks */ = {isa = PBXBuildFile; fileRef = DCC81AF91C4FE42800EC8685 /* libopencore-amrwb.a */; };
		DCC81B161C4FE42800EC8685 /* libresample-arm-apple-darwin9.a in Frameworks */ = {isa = PBXBuildFile; fileRef = DCC81AFA1C4FE42800EC8685 /* libresample-arm-apple-darwin9.a */; };
		DCC81B171C4FE42800EC8685 /* libspeex-arm-apple-darwin9.a in Frameworks */ = {isa = PBXBuildFile; fileRef = DCC81AFB1C4FE42800EC8685 /* libspeex-arm-apple-darwin9.a */; };
		DCC81B181C4FE42800EC8685 /* libsrtp-arm-apple-darwin9.a in Frameworks */ = {isa = PBXBuildFile; fileRef = DCC81AFC1C4FE42800EC8685 /* libsrtp-arm-apple-darwin9.a */; };
		DCC81B191C4FE42800EC8685 /* libssl.a in Frameworks */ = {isa = PBXBuildFile; fileRef = DCC81AFD1C4FE42800EC8685 /* libssl.a */; };
		DCC81B1A1C4FE42800EC8685 /* libvo-amrwbenc.a in Frameworks */ = {isa = PBXBuildFile; fileRef = DCC81AFE1C4FE42800EC8685 /* libvo-amrwbenc.a */; };
		DCC81B1D1C4FE5CB00EC8685 /* AudioToolbox.framework in Frameworks */ = {isa = PBXBuildFile; fileRef = DCC81B1B1C4FE5CB00EC8685 /* AudioToolbox.framework */; };
		DCC81B1E1C4FE5CB00EC8685 /* AVFoundation.framework in Frameworks */ = {isa = PBXBuildFile; fileRef = DCC81B1C1C4FE5CB00EC8685 /* AVFoundation.framework */; };
		DCC81C821C50B80D00EC8685 /* MainViewController.m in Sources */ = {isa = PBXBuildFile; fileRef = DCC81C811C50B80D00EC8685 /* MainViewController.m */; };
		DCE6B1161C51F671002CEAFC /* IncomingCallViewController.m in Sources */ = {isa = PBXBuildFile; fileRef = DCE6B1151C51F671002CEAFC /* IncomingCallViewController.m */; };
		DCE6B11F1C52271D002CEAFC /* answerImg.png in Resources */ = {isa = PBXBuildFile; fileRef = DCE6B11D1C52271D002CEAFC /* answerImg.png */; };
		DCE6B1201C52271D002CEAFC /* hangupImg.png in Resources */ = {isa = PBXBuildFile; fileRef = DCE6B11E1C52271D002CEAFC /* hangupImg.png */; };
/* End PBXBuildFile section */

/* Begin PBXContainerItemProxy section */
		DCC819921C4FE3FF00EC8685 /* PBXContainerItemProxy */ = {
			isa = PBXContainerItemProxy;
			containerPortal = DCC8196D1C4FE3FF00EC8685 /* Project object */;
			proxyType = 1;
			remoteGlobalIDString = DCC819741C4FE3FF00EC8685;
			remoteInfo = Bragi;
		};
/* End PBXContainerItemProxy section */

/* Begin PBXFileReference section */
		DC9920711C58BF3D00BEBA90 /* backTo.png */ = {isa = PBXFileReference; lastKnownFileType = image.png; name = backTo.png; path = Bragi/images/backTo.png; sourceTree = "<group>"; };
		DCBD86FC1C52534300333BB5 /* DialingCallViewController.h */ = {isa = PBXFileReference; lastKnownFileType = sourcecode.c.h; path = DialingCallViewController.h; sourceTree = "<group>"; };
		DCBD86FD1C52535300333BB5 /* DialingCallViewController.m */ = {isa = PBXFileReference; fileEncoding = 4; lastKnownFileType = sourcecode.c.objc; path = DialingCallViewController.m; sourceTree = "<group>"; };
		DCBD86FF1C52583900333BB5 /* mute.png */ = {isa = PBXFileReference; lastKnownFileType = image.png; name = mute.png; path = Bragi/images/mute.png; sourceTree = "<group>"; };
		DCBD87011C525DBB00333BB5 /* muteImg.png */ = {isa = PBXFileReference; lastKnownFileType = image.png; name = muteImg.png; path = Bragi/images/muteImg.png; sourceTree = "<group>"; };
		DCBD87091C5260A800333BB5 /* ampImg.png */ = {isa = PBXFileReference; lastKnownFileType = image.png; name = ampImg.png; path = Bragi/images/ampImg.png; sourceTree = "<group>"; };
		DCBD870D1C52632500333BB5 /* dialpadImg.png */ = {isa = PBXFileReference; lastKnownFileType = image.png; name = dialpadImg.png; path = Bragi/images/dialpadImg.png; sourceTree = "<group>"; };
		DCBD87B21C57A89E00333BB5 /* #.png */ = {isa = PBXFileReference; lastKnownFileType = image.png; name = "#.png"; path = "Bragi/images/#.png"; sourceTree = "<group>"; };
		DCBD87B31C57A89E00333BB5 /* 1.png */ = {isa = PBXFileReference; lastKnownFileType = image.png; name = 1.png; path = Bragi/images/1.png; sourceTree = "<group>"; };
		DCBD87B41C57A89E00333BB5 /* 2.png */ = {isa = PBXFileReference; lastKnownFileType = image.png; name = 2.png; path = Bragi/images/2.png; sourceTree = "<group>"; };
		DCBD87B51C57A89E00333BB5 /* 3.png */ = {isa = PBXFileReference; lastKnownFileType = image.png; name = 3.png; path = Bragi/images/3.png; sourceTree = "<group>"; };
		DCBD87B61C57A89E00333BB5 /* 4.png */ = {isa = PBXFileReference; lastKnownFileType = image.png; name = 4.png; path = Bragi/images/4.png; sourceTree = "<group>"; };
		DCBD87B71C57A89E00333BB5 /* 5.png */ = {isa = PBXFileReference; lastKnownFileType = image.png; name = 5.png; path = Bragi/images/5.png; sourceTree = "<group>"; };
		DCBD87B81C57A89E00333BB5 /* 6.png */ = {isa = PBXFileReference; lastKnownFileType = image.png; name = 6.png; path = Bragi/images/6.png; sourceTree = "<group>"; };
		DCBD87B91C57A89E00333BB5 /* 7.png */ = {isa = PBXFileReference; lastKnownFileType = image.png; name = 7.png; path = Bragi/images/7.png; sourceTree = "<group>"; };
		DCBD87BA1C57A89E00333BB5 /* 8.png */ = {isa = PBXFileReference; lastKnownFileType = image.png; name = 8.png; path = Bragi/images/8.png; sourceTree = "<group>"; };
		DCBD87BB1C57A89E00333BB5 /* 9.png */ = {isa = PBXFileReference; lastKnownFileType = image.png; name = 9.png; path = Bragi/images/9.png; sourceTree = "<group>"; };
		DCBD87C61C57ACA100333BB5 /* 0.png */ = {isa = PBXFileReference; lastKnownFileType = image.png; name = 0.png; path = Bragi/images/0.png; sourceTree = "<group>"; };
		DCBD87C81C57B22F00333BB5 /* back.png */ = {isa = PBXFileReference; lastKnownFileType = image.png; name = back.png; path = Bragi/images/back.png; sourceTree = "<group>"; };
		DCBD87CA1C57B4CC00333BB5 /* digest.png */ = {isa = PBXFileReference; lastKnownFileType = image.png; name = digest.png; path = Bragi/images/digest.png; sourceTree = "<group>"; };
		DCBD87CC1C57B61900333BB5 /* PhoneNumberFormatter.h */ = {isa = PBXFileReference; fileEncoding = 4; lastKnownFileType = sourcecode.c.h; path = PhoneNumberFormatter.h; sourceTree = "<group>"; };
		DCBD87CD1C57B61A00333BB5 /* PhoneNumberFormatter.m */ = {isa = PBXFileReference; fileEncoding = 4; lastKnownFileType = sourcecode.c.objc; path = PhoneNumberFormatter.m; sourceTree = "<group>"; };
		DCBD87CF1C57C16D00333BB5 /* DialPad.h */ = {isa = PBXFileReference; lastKnownFileType = sourcecode.c.h; path = DialPad.h; sourceTree = "<group>"; };
		DCBD87D01C57C17E00333BB5 /* DialPad.m */ = {isa = PBXFileReference; fileEncoding = 4; lastKnownFileType = sourcecode.c.objc; path = DialPad.m; sourceTree = "<group>"; };
		DCBD87D21C57CFCC00333BB5 /* GSPJUtil.h */ = {isa = PBXFileReference; fileEncoding = 4; lastKnownFileType = sourcecode.c.h; path = GSPJUtil.h; sourceTree = "<group>"; };
		DCBD87D31C57CFCC00333BB5 /* GSPJUtil.m */ = {isa = PBXFileReference; fileEncoding = 4; lastKnownFileType = sourcecode.c.objc; path = GSPJUtil.m; sourceTree = "<group>"; };
		DCC097451C795D0500F78E6F /* HistoryViewController.h */ = {isa = PBXFileReference; lastKnownFileType = sourcecode.c.h; path = HistoryViewController.h; sourceTree = "<group>"; };
		DCC097461C795D0F00F78E6F /* HistoryViewController.m */ = {isa = PBXFileReference; fileEncoding = 4; lastKnownFileType = sourcecode.c.objc; path = HistoryViewController.m; sourceTree = "<group>"; };
		DCC097481C795F0400F78E6F /* ContactViewController.h */ = {isa = PBXFileReference; lastKnownFileType = sourcecode.c.h; path = ContactViewController.h; sourceTree = "<group>"; };
		DCC097491C795F0D00F78E6F /* ContactViewController.m */ = {isa = PBXFileReference; fileEncoding = 4; lastKnownFileType = sourcecode.c.objc; path = ContactViewController.m; sourceTree = "<group>"; };
		DCC0974B1C7AA85F00F78E6F /* contacttab.png */ = {isa = PBXFileReference; lastKnownFileType = image.png; name = contacttab.png; path = Bragi/images/contacttab.png; sourceTree = "<group>"; };
		DCC0974C1C7AA85F00F78E6F /* dialpadtab.png */ = {isa = PBXFileReference; lastKnownFileType = image.png; name = dialpadtab.png; path = Bragi/images/dialpadtab.png; sourceTree = "<group>"; };
		DCC0974D1C7AA85F00F78E6F /* recenttab.png */ = {isa = PBXFileReference; lastKnownFileType = image.png; name = recenttab.png; path = Bragi/images/recenttab.png; sourceTree = "<group>"; };
		DCC0CD991C514B6A00A7D00E /* RestWebService.h */ = {isa = PBXFileReference; fileEncoding = 4; lastKnownFileType = sourcecode.c.h; name = RestWebService.h; path = Bragi/RestWebService.h; sourceTree = "<group>"; };
		DCC0CD9A1C514B6A00A7D00E /* RestWebService.m */ = {isa = PBXFileReference; fileEncoding = 4; lastKnownFileType = sourcecode.c.objc; name = RestWebService.m; path = Bragi/RestWebService.m; sourceTree = "<group>"; };
		DCC819751C4FE3FF00EC8685 /* Bragi.app */ = {isa = PBXFileReference; explicitFileType = wrapper.application; includeInIndex = 0; path = Bragi.app; sourceTree = BUILT_PRODUCTS_DIR; };
		DCC819791C4FE3FF00EC8685 /* Info.plist */ = {isa = PBXFileReference; lastKnownFileType = text.plist.xml; path = Info.plist; sourceTree = "<group>"; };
		DCC8197A1C4FE3FF00EC8685 /* main.m */ = {isa = PBXFileReference; lastKnownFileType = sourcecode.c.objc; path = main.m; sourceTree = "<group>"; };
		DCC8197C1C4FE3FF00EC8685 /* AppDelegate.h */ = {isa = PBXFileReference; lastKnownFileType = sourcecode.c.h; path = AppDelegate.h; sourceTree = "<group>"; };
		DCC8197D1C4FE3FF00EC8685 /* AppDelegate.m */ = {isa = PBXFileReference; lastKnownFileType = sourcecode.c.objc; path = AppDelegate.m; sourceTree = "<group>"; };
		DCC819801C4FE3FF00EC8685 /* Bragi.xcdatamodel */ = {isa = PBXFileReference; lastKnownFileType = wrapper.xcdatamodel; path = Bragi.xcdatamodel; sourceTree = "<group>"; };
		DCC819821C4FE3FF00EC8685 /* ViewController.h */ = {isa = PBXFileReference; lastKnownFileType = sourcecode.c.h; path = ViewController.h; sourceTree = "<group>"; };
		DCC819831C4FE3FF00EC8685 /* ViewController.m */ = {isa = PBXFileReference; lastKnownFileType = sourcecode.c.objc; path = ViewController.m; sourceTree = "<group>"; };
		DCC819861C4FE3FF00EC8685 /* Base */ = {isa = PBXFileReference; lastKnownFileType = file.storyboard; name = Base; path = Base.lproj/Main.storyboard; sourceTree = "<group>"; };
		DCC819881C4FE3FF00EC8685 /* Images.xcassets */ = {isa = PBXFileReference; lastKnownFileType = folder.assetcatalog; path = Images.xcassets; sourceTree = "<group>"; };
		DCC8198B1C4FE3FF00EC8685 /* Base */ = {isa = PBXFileReference; lastKnownFileType = file.xib; name = Base; path = Base.lproj/LaunchScreen.xib; sourceTree = "<group>"; };
		DCC819911C4FE3FF00EC8685 /* BragiTests.xctest */ = {isa = PBXFileReference; explicitFileType = wrapper.cfbundle; includeInIndex = 0; path = BragiTests.xctest; sourceTree = BUILT_PRODUCTS_DIR; };
		DCC819961C4FE3FF00EC8685 /* Info.plist */ = {isa = PBXFileReference; lastKnownFileType = text.plist.xml; path = Info.plist; sourceTree = "<group>"; };
		DCC819971C4FE3FF00EC8685 /* BragiTests.m */ = {isa = PBXFileReference; lastKnownFileType = sourcecode.c.objc; path = BragiTests.m; sourceTree = "<group>"; };
		DCC81AE31C4FE42800EC8685 /* libpj-arm-apple-darwin9.a */ = {isa = PBXFileReference; lastKnownFileType = archive.ar; path = "libpj-arm-apple-darwin9.a"; sourceTree = "<group>"; };
		DCC81AE51C4FE42800EC8685 /* libpjlib-util-arm-apple-darwin9.a */ = {isa = PBXFileReference; lastKnownFileType = archive.ar; path = "libpjlib-util-arm-apple-darwin9.a"; sourceTree = "<group>"; };
		DCC81AE71C4FE42800EC8685 /* libpjmedia-arm-apple-darwin9.a */ = {isa = PBXFileReference; lastKnownFileType = archive.ar; path = "libpjmedia-arm-apple-darwin9.a"; sourceTree = "<group>"; };
		DCC81AE81C4FE42800EC8685 /* libpjmedia-audiodev-arm-apple-darwin9.a */ = {isa = PBXFileReference; lastKnownFileType = archive.ar; path = "libpjmedia-audiodev-arm-apple-darwin9.a"; sourceTree = "<group>"; };
		DCC81AE91C4FE42800EC8685 /* libpjmedia-codec-arm-apple-darwin9.a */ = {isa = PBXFileReference; lastKnownFileType = archive.ar; path = "libpjmedia-codec-arm-apple-darwin9.a"; sourceTree = "<group>"; };
		DCC81AEA1C4FE42800EC8685 /* libpjmedia-videodev-arm-apple-darwin9.a */ = {isa = PBXFileReference; lastKnownFileType = archive.ar; path = "libpjmedia-videodev-arm-apple-darwin9.a"; sourceTree = "<group>"; };
		DCC81AEB1C4FE42800EC8685 /* libpjsdp-arm-apple-darwin9.a */ = {isa = PBXFileReference; lastKnownFileType = archive.ar; path = "libpjsdp-arm-apple-darwin9.a"; sourceTree = "<group>"; };
		DCC81AED1C4FE42800EC8685 /* libpjnath-arm-apple-darwin9.a */ = {isa = PBXFileReference; lastKnownFileType = archive.ar; path = "libpjnath-arm-apple-darwin9.a"; sourceTree = "<group>"; };
		DCC81AEF1C4FE42800EC8685 /* libpjsip-arm-apple-darwin9.a */ = {isa = PBXFileReference; lastKnownFileType = archive.ar; path = "libpjsip-arm-apple-darwin9.a"; sourceTree = "<group>"; };
		DCC81AF01C4FE42800EC8685 /* libpjsip-simple-arm-apple-darwin9.a */ = {isa = PBXFileReference; lastKnownFileType = archive.ar; path = "libpjsip-simple-arm-apple-darwin9.a"; sourceTree = "<group>"; };
		DCC81AF11C4FE42800EC8685 /* libpjsip-ua-arm-apple-darwin9.a */ = {isa = PBXFileReference; lastKnownFileType = archive.ar; path = "libpjsip-ua-arm-apple-darwin9.a"; sourceTree = "<group>"; };
		DCC81AF21C4FE42800EC8685 /* libpjsua-arm-apple-darwin9.a */ = {isa = PBXFileReference; lastKnownFileType = archive.ar; path = "libpjsua-arm-apple-darwin9.a"; sourceTree = "<group>"; };
		DCC81AF41C4FE42800EC8685 /* libcrypto.a */ = {isa = PBXFileReference; lastKnownFileType = archive.ar; path = libcrypto.a; sourceTree = "<group>"; };
		DCC81AF51C4FE42800EC8685 /* libg7221codec-arm-apple-darwin9.a */ = {isa = PBXFileReference; lastKnownFileType = archive.ar; path = "libg7221codec-arm-apple-darwin9.a"; sourceTree = "<group>"; };
		DCC81AF61C4FE42800EC8685 /* libgsmcodec-arm-apple-darwin9.a */ = {isa = PBXFileReference; lastKnownFileType = archive.ar; path = "libgsmcodec-arm-apple-darwin9.a"; sourceTree = "<group>"; };
		DCC81AF71C4FE42800EC8685 /* libilbccodec-arm-apple-darwin9.a */ = {isa = PBXFileReference; lastKnownFileType = archive.ar; path = "libilbccodec-arm-apple-darwin9.a"; sourceTree = "<group>"; };
		DCC81AF81C4FE42800EC8685 /* libopencore-amrnb.a */ = {isa = PBXFileReference; lastKnownFileType = archive.ar; path = "libopencore-amrnb.a"; sourceTree = "<group>"; };
		DCC81AF91C4FE42800EC8685 /* libopencore-amrwb.a */ = {isa = PBXFileReference; lastKnownFileType = archive.ar; path = "libopencore-amrwb.a"; sourceTree = "<group>"; };
		DCC81AFA1C4FE42800EC8685 /* libresample-arm-apple-darwin9.a */ = {isa = PBXFileReference; lastKnownFileType = archive.ar; path = "libresample-arm-apple-darwin9.a"; sourceTree = "<group>"; };
		DCC81AFB1C4FE42800EC8685 /* libspeex-arm-apple-darwin9.a */ = {isa = PBXFileReference; lastKnownFileType = archive.ar; path = "libspeex-arm-apple-darwin9.a"; sourceTree = "<group>"; };
		DCC81AFC1C4FE42800EC8685 /* libsrtp-arm-apple-darwin9.a */ = {isa = PBXFileReference; lastKnownFileType = archive.ar; path = "libsrtp-arm-apple-darwin9.a"; sourceTree = "<group>"; };
		DCC81AFD1C4FE42800EC8685 /* libssl.a */ = {isa = PBXFileReference; lastKnownFileType = archive.ar; path = libssl.a; sourceTree = "<group>"; };
		DCC81AFE1C4FE42800EC8685 /* libvo-amrwbenc.a */ = {isa = PBXFileReference; lastKnownFileType = archive.ar; path = "libvo-amrwbenc.a"; sourceTree = "<group>"; };
		DCC81B1B1C4FE5CB00EC8685 /* AudioToolbox.framework */ = {isa = PBXFileReference; lastKnownFileType = wrapper.framework; name = AudioToolbox.framework; path = System/Library/Frameworks/AudioToolbox.framework; sourceTree = SDKROOT; };
		DCC81B1C1C4FE5CB00EC8685 /* AVFoundation.framework */ = {isa = PBXFileReference; lastKnownFileType = wrapper.framework; name = AVFoundation.framework; path = System/Library/Frameworks/AVFoundation.framework; sourceTree = SDKROOT; };
		DCC81C801C50B7F700EC8685 /* MainViewController.h */ = {isa = PBXFileReference; lastKnownFileType = sourcecode.c.h; path = MainViewController.h; sourceTree = "<group>"; };
		DCC81C811C50B80D00EC8685 /* MainViewController.m */ = {isa = PBXFileReference; fileEncoding = 4; lastKnownFileType = sourcecode.c.objc; name = MainViewController.m; path = ../MainViewController.m; sourceTree = "<group>"; };
		DCE6B1121C51F5A4002CEAFC /* IncomingCallViewController.h */ = {isa = PBXFileReference; lastKnownFileType = sourcecode.c.h; path = IncomingCallViewController.h; sourceTree = "<group>"; };
		DCE6B1151C51F671002CEAFC /* IncomingCallViewController.m */ = {isa = PBXFileReference; fileEncoding = 4; lastKnownFileType = sourcecode.c.objc; path = IncomingCallViewController.m; sourceTree = "<group>"; };
		DCE6B11D1C52271D002CEAFC /* answerImg.png */ = {isa = PBXFileReference; lastKnownFileType = image.png; name = answerImg.png; path = Bragi/images/answerImg.png; sourceTree = "<group>"; };
		DCE6B11E1C52271D002CEAFC /* hangupImg.png */ = {isa = PBXFileReference; lastKnownFileType = image.png; name = hangupImg.png; path = Bragi/images/hangupImg.png; sourceTree = "<group>"; };
/* End PBXFileReference section */

/* Begin PBXFrameworksBuildPhase section */
		DCC819721C4FE3FF00EC8685 /* Frameworks */ = {
			isa = PBXFrameworksBuildPhase;
			buildActionMask = 2147483647;
			files = (
				DCC81B1D1C4FE5CB00EC8685 /* AudioToolbox.framework in Frameworks */,
				DCC81B1E1C4FE5CB00EC8685 /* AVFoundation.framework in Frameworks */,
				DCC81B0A1C4FE42800EC8685 /* libpjsdp-arm-apple-darwin9.a in Frameworks */,
				DCC81B071C4FE42800EC8685 /* libpjmedia-audiodev-arm-apple-darwin9.a in Frameworks */,
				DCC81B191C4FE42800EC8685 /* libssl.a in Frameworks */,
				DCC81B051C4FE42800EC8685 /* libpjlib-util-arm-apple-darwin9.a in Frameworks */,
				DCC81B111C4FE42800EC8685 /* libg7221codec-arm-apple-darwin9.a in Frameworks */,
				DCC81B151C4FE42800EC8685 /* libopencore-amrwb.a in Frameworks */,
				DCC81B041C4FE42800EC8685 /* libpj-arm-apple-darwin9.a in Frameworks */,
				DCC81B181C4FE42800EC8685 /* libsrtp-arm-apple-darwin9.a in Frameworks */,
				DCC81B0F1C4FE42800EC8685 /* libpjsua-arm-apple-darwin9.a in Frameworks */,
				DCC81B091C4FE42800EC8685 /* libpjmedia-videodev-arm-apple-darwin9.a in Frameworks */,
				DCC81B141C4FE42800EC8685 /* libopencore-amrnb.a in Frameworks */,
				DCC81B061C4FE42800EC8685 /* libpjmedia-arm-apple-darwin9.a in Frameworks */,
				DCC81B081C4FE42800EC8685 /* libpjmedia-codec-arm-apple-darwin9.a in Frameworks */,
				DCC81B0B1C4FE42800EC8685 /* libpjnath-arm-apple-darwin9.a in Frameworks */,
				DCC81B131C4FE42800EC8685 /* libilbccodec-arm-apple-darwin9.a in Frameworks */,
				DCC81B121C4FE42800EC8685 /* libgsmcodec-arm-apple-darwin9.a in Frameworks */,
				DCC81B0C1C4FE42800EC8685 /* libpjsip-arm-apple-darwin9.a in Frameworks */,
				DCC81B101C4FE42800EC8685 /* libcrypto.a in Frameworks */,
				DCC81B0E1C4FE42800EC8685 /* libpjsip-ua-arm-apple-darwin9.a in Frameworks */,
				DCC81B161C4FE42800EC8685 /* libresample-arm-apple-darwin9.a in Frameworks */,
				DCC81B171C4FE42800EC8685 /* libspeex-arm-apple-darwin9.a in Frameworks */,
				DCC81B1A1C4FE42800EC8685 /* libvo-amrwbenc.a in Frameworks */,
				DCC81B0D1C4FE42800EC8685 /* libpjsip-simple-arm-apple-darwin9.a in Frameworks */,
			);
			runOnlyForDeploymentPostprocessing = 0;
		};
		DCC8198E1C4FE3FF00EC8685 /* Frameworks */ = {
			isa = PBXFrameworksBuildPhase;
			buildActionMask = 2147483647;
			files = (
			);
			runOnlyForDeploymentPostprocessing = 0;
		};
/* End PBXFrameworksBuildPhase section */

/* Begin PBXGroup section */
		DCC8196C1C4FE3FF00EC8685 = {
			isa = PBXGroup;
			children = (
				DCBD87C81C57B22F00333BB5 /* back.png */,
				DCBD87CA1C57B4CC00333BB5 /* digest.png */,
				DCBD87B21C57A89E00333BB5 /* #.png */,
				DCBD87C61C57ACA100333BB5 /* 0.png */,
				DCBD87B31C57A89E00333BB5 /* 1.png */,
				DCBD87B41C57A89E00333BB5 /* 2.png */,
				DCBD87B51C57A89E00333BB5 /* 3.png */,
				DCBD87B61C57A89E00333BB5 /* 4.png */,
				DCBD87B71C57A89E00333BB5 /* 5.png */,
				DCBD87B81C57A89E00333BB5 /* 6.png */,
				DCBD87B91C57A89E00333BB5 /* 7.png */,
				DCBD87BA1C57A89E00333BB5 /* 8.png */,
				DCBD87BB1C57A89E00333BB5 /* 9.png */,
				DC9920711C58BF3D00BEBA90 /* backTo.png */,
				DCE6B11D1C52271D002CEAFC /* answerImg.png */,
				DCE6B11E1C52271D002CEAFC /* hangupImg.png */,
				DCBD86FF1C52583900333BB5 /* mute.png */,
				DCBD87011C525DBB00333BB5 /* muteImg.png */,
				DCC0974B1C7AA85F00F78E6F /* contacttab.png */,
				DCC0974C1C7AA85F00F78E6F /* dialpadtab.png */,
				DCC0974D1C7AA85F00F78E6F /* recenttab.png */,
				DCBD870D1C52632500333BB5 /* dialpadImg.png */,
				DCBD87091C5260A800333BB5 /* ampImg.png */,
				DCC0CD991C514B6A00A7D00E /* RestWebService.h */,
				DCC0CD9A1C514B6A00A7D00E /* RestWebService.m */,
				DCC819771C4FE3FF00EC8685 /* Bragi */,
				DCC819A11C4FE42700EC8685 /* PJSIP */,
				DCC819941C4FE3FF00EC8685 /* BragiTests */,
				DCC819761C4FE3FF00EC8685 /* Products */,
			);
			sourceTree = "<group>";
		};
		DCC819761C4FE3FF00EC8685 /* Products */ = {
			isa = PBXGroup;
			children = (
				DCC819751C4FE3FF00EC8685 /* Bragi.app */,
				DCC819911C4FE3FF00EC8685 /* BragiTests.xctest */,
			);
			name = Products;
			sourceTree = "<group>";
		};
		DCC819771C4FE3FF00EC8685 /* Bragi */ = {
			isa = PBXGroup;
			children = (
				DCBD87D21C57CFCC00333BB5 /* GSPJUtil.h */,
				DCBD87D31C57CFCC00333BB5 /* GSPJUtil.m */,
				DCC8197C1C4FE3FF00EC8685 /* AppDelegate.h */,
				DCBD87CC1C57B61900333BB5 /* PhoneNumberFormatter.h */,
				DCBD87CD1C57B61A00333BB5 /* PhoneNumberFormatter.m */,
				DCC8197D1C4FE3FF00EC8685 /* AppDelegate.m */,
				DCC819821C4FE3FF00EC8685 /* ViewController.h */,
				DCC819831C4FE3FF00EC8685 /* ViewController.m */,
				DCC819851C4FE3FF00EC8685 /* Main.storyboard */,
				DCC81C801C50B7F700EC8685 /* MainViewController.h */,
				DCC81C811C50B80D00EC8685 /* MainViewController.m */,
				DCE6B1121C51F5A4002CEAFC /* IncomingCallViewController.h */,
				DCE6B1151C51F671002CEAFC /* IncomingCallViewController.m */,
				DCBD86FC1C52534300333BB5 /* DialingCallViewController.h */,
				DCBD86FD1C52535300333BB5 /* DialingCallViewController.m */,
				DCBD87CF1C57C16D00333BB5 /* DialPad.h */,
				DCBD87D01C57C17E00333BB5 /* DialPad.m */,
				DCC819881C4FE3FF00EC8685 /* Images.xcassets */,
				DCC8198A1C4FE3FF00EC8685 /* LaunchScreen.xib */,
				DCC8197F1C4FE3FF00EC8685 /* Bragi.xcdatamodeld */,
				DCC819781C4FE3FF00EC8685 /* Supporting Files */,
				DCC097451C795D0500F78E6F /* HistoryViewController.h */,
				DCC097461C795D0F00F78E6F /* HistoryViewController.m */,
				DCC097481C795F0400F78E6F /* ContactViewController.h */,
				DCC097491C795F0D00F78E6F /* ContactViewController.m */,
			);
			path = Bragi;
			sourceTree = "<group>";
		};
		DCC819781C4FE3FF00EC8685 /* Supporting Files */ = {
			isa = PBXGroup;
			children = (
				DCC81B1B1C4FE5CB00EC8685 /* AudioToolbox.framework */,
				DCC81B1C1C4FE5CB00EC8685 /* AVFoundation.framework */,
				DCC819791C4FE3FF00EC8685 /* Info.plist */,
				DCC8197A1C4FE3FF00EC8685 /* main.m */,
			);
			name = "Supporting Files";
			sourceTree = "<group>";
		};
		DCC819941C4FE3FF00EC8685 /* BragiTests */ = {
			isa = PBXGroup;
			children = (
				DCC819971C4FE3FF00EC8685 /* BragiTests.m */,
				DCC819951C4FE3FF00EC8685 /* Supporting Files */,
			);
			path = BragiTests;
			sourceTree = "<group>";
		};
		DCC819951C4FE3FF00EC8685 /* Supporting Files */ = {
			isa = PBXGroup;
			children = (
				DCC819961C4FE3FF00EC8685 /* Info.plist */,
			);
			name = "Supporting Files";
			sourceTree = "<group>";
		};
		DCC819A11C4FE42700EC8685 /* PJSIP */ = {
			isa = PBXGroup;
			children = (
				DCC81AE11C4FE42800EC8685 /* libs */,
			);
			name = PJSIP;
			path = Bragi/PJSIP;
			sourceTree = "<group>";
		};
		DCC81AE11C4FE42800EC8685 /* libs */ = {
			isa = PBXGroup;
			children = (
				DCC81AE21C4FE42800EC8685 /* pjlib */,
				DCC81AE41C4FE42800EC8685 /* pjlib-util */,
				DCC81AE61C4FE42800EC8685 /* pjmedia */,
				DCC81AEC1C4FE42800EC8685 /* pjnath */,
				DCC81AEE1C4FE42800EC8685 /* pjsip */,
				DCC81AF31C4FE42800EC8685 /* third_party */,
			);
			path = libs;
			sourceTree = "<group>";
		};
		DCC81AE21C4FE42800EC8685 /* pjlib */ = {
			isa = PBXGroup;
			children = (
				DCC81AE31C4FE42800EC8685 /* libpj-arm-apple-darwin9.a */,
			);
			path = pjlib;
			sourceTree = "<group>";
		};
		DCC81AE41C4FE42800EC8685 /* pjlib-util */ = {
			isa = PBXGroup;
			children = (
				DCC81AE51C4FE42800EC8685 /* libpjlib-util-arm-apple-darwin9.a */,
			);
			path = "pjlib-util";
			sourceTree = "<group>";
		};
		DCC81AE61C4FE42800EC8685 /* pjmedia */ = {
			isa = PBXGroup;
			children = (
				DCC81AE71C4FE42800EC8685 /* libpjmedia-arm-apple-darwin9.a */,
				DCC81AE81C4FE42800EC8685 /* libpjmedia-audiodev-arm-apple-darwin9.a */,
				DCC81AE91C4FE42800EC8685 /* libpjmedia-codec-arm-apple-darwin9.a */,
				DCC81AEA1C4FE42800EC8685 /* libpjmedia-videodev-arm-apple-darwin9.a */,
				DCC81AEB1C4FE42800EC8685 /* libpjsdp-arm-apple-darwin9.a */,
			);
			path = pjmedia;
			sourceTree = "<group>";
		};
		DCC81AEC1C4FE42800EC8685 /* pjnath */ = {
			isa = PBXGroup;
			children = (
				DCC81AED1C4FE42800EC8685 /* libpjnath-arm-apple-darwin9.a */,
			);
			path = pjnath;
			sourceTree = "<group>";
		};
		DCC81AEE1C4FE42800EC8685 /* pjsip */ = {
			isa = PBXGroup;
			children = (
				DCC81AEF1C4FE42800EC8685 /* libpjsip-arm-apple-darwin9.a */,
				DCC81AF01C4FE42800EC8685 /* libpjsip-simple-arm-apple-darwin9.a */,
				DCC81AF11C4FE42800EC8685 /* libpjsip-ua-arm-apple-darwin9.a */,
				DCC81AF21C4FE42800EC8685 /* libpjsua-arm-apple-darwin9.a */,
			);
			path = pjsip;
			sourceTree = "<group>";
		};
		DCC81AF31C4FE42800EC8685 /* third_party */ = {
			isa = PBXGroup;
			children = (
				DCC81AF41C4FE42800EC8685 /* libcrypto.a */,
				DCC81AF51C4FE42800EC8685 /* libg7221codec-arm-apple-darwin9.a */,
				DCC81AF61C4FE42800EC8685 /* libgsmcodec-arm-apple-darwin9.a */,
				DCC81AF71C4FE42800EC8685 /* libilbccodec-arm-apple-darwin9.a */,
				DCC81AF81C4FE42800EC8685 /* libopencore-amrnb.a */,
				DCC81AF91C4FE42800EC8685 /* libopencore-amrwb.a */,
				DCC81AFA1C4FE42800EC8685 /* libresample-arm-apple-darwin9.a */,
				DCC81AFB1C4FE42800EC8685 /* libspeex-arm-apple-darwin9.a */,
				DCC81AFC1C4FE42800EC8685 /* libsrtp-arm-apple-darwin9.a */,
				DCC81AFD1C4FE42800EC8685 /* libssl.a */,
				DCC81AFE1C4FE42800EC8685 /* libvo-amrwbenc.a */,
			);
			path = third_party;
			sourceTree = "<group>";
		};
/* End PBXGroup section */

/* Begin PBXNativeTarget section */
		DCC819741C4FE3FF00EC8685 /* Bragi */ = {
			isa = PBXNativeTarget;
			buildConfigurationList = DCC8199B1C4FE3FF00EC8685 /* Build configuration list for PBXNativeTarget "Bragi" */;
			buildPhases = (
				DCC819711C4FE3FF00EC8685 /* Sources */,
				DCC819721C4FE3FF00EC8685 /* Frameworks */,
				DCC819731C4FE3FF00EC8685 /* Resources */,
			);
			buildRules = (
			);
			dependencies = (
			);
			name = Bragi;
			productName = Bragi;
			productReference = DCC819751C4FE3FF00EC8685 /* Bragi.app */;
			productType = "com.apple.product-type.application";
		};
		DCC819901C4FE3FF00EC8685 /* BragiTests */ = {
			isa = PBXNativeTarget;
			buildConfigurationList = DCC8199E1C4FE3FF00EC8685 /* Build configuration list for PBXNativeTarget "BragiTests" */;
			buildPhases = (
				DCC8198D1C4FE3FF00EC8685 /* Sources */,
				DCC8198E1C4FE3FF00EC8685 /* Frameworks */,
				DCC8198F1C4FE3FF00EC8685 /* Resources */,
			);
			buildRules = (
			);
			dependencies = (
				DCC819931C4FE3FF00EC8685 /* PBXTargetDependency */,
			);
			name = BragiTests;
			productName = BragiTests;
			productReference = DCC819911C4FE3FF00EC8685 /* BragiTests.xctest */;
			productType = "com.apple.product-type.bundle.unit-test";
		};
/* End PBXNativeTarget section */

/* Begin PBXProject section */
		DCC8196D1C4FE3FF00EC8685 /* Project object */ = {
			isa = PBXProject;
			attributes = {
				LastUpgradeCheck = 0640;
				ORGANIZATIONNAME = Yvonne;
				TargetAttributes = {
					DCC819741C4FE3FF00EC8685 = {
						CreatedOnToolsVersion = 6.4;
						DevelopmentTeam = Y73V382M7G;
					};
					DCC819901C4FE3FF00EC8685 = {
						CreatedOnToolsVersion = 6.4;
						TestTargetID = DCC819741C4FE3FF00EC8685;
					};
				};
			};
			buildConfigurationList = DCC819701C4FE3FF00EC8685 /* Build configuration list for PBXProject "Bragi" */;
			compatibilityVersion = "Xcode 3.2";
			developmentRegion = English;
			hasScannedForEncodings = 0;
			knownRegions = (
				en,
				Base,
			);
			mainGroup = DCC8196C1C4FE3FF00EC8685;
			productRefGroup = DCC819761C4FE3FF00EC8685 /* Products */;
			projectDirPath = "";
			projectRoot = "";
			targets = (
				DCC819741C4FE3FF00EC8685 /* Bragi */,
				DCC819901C4FE3FF00EC8685 /* BragiTests */,
			);
		};
/* End PBXProject section */

/* Begin PBXResourcesBuildPhase section */
		DCC819731C4FE3FF00EC8685 /* Resources */ = {
			isa = PBXResourcesBuildPhase;
			buildActionMask = 2147483647;
			files = (
				DCBD87BD1C57A89E00333BB5 /* 1.png in Resources */,
				DCC819871C4FE3FF00EC8685 /* Main.storyboard in Resources */,
				DCBD870E1C52632500333BB5 /* dialpadImg.png in Resources */,
				DCE6B1201C52271D002CEAFC /* hangupImg.png in Resources */,
				DCC0974E1C7AA85F00F78E6F /* contacttab.png in Resources */,
				DCBD87021C525DBB00333BB5 /* muteImg.png in Resources */,
				DCBD87001C52583900333BB5 /* mute.png in Resources */,
				DCBD87C41C57A89E00333BB5 /* 8.png in Resources */,
				DCC0974F1C7AA85F00F78E6F /* dialpadtab.png in Resources */,
				DCBD87C11C57A89E00333BB5 /* 5.png in Resources */,
				DCC097501C7AA85F00F78E6F /* recenttab.png in Resources */,
				DCBD87C31C57A89E00333BB5 /* 7.png in Resources */,
				DCBD87BE1C57A89E00333BB5 /* 2.png in Resources */,
				DCBD870A1C5260A800333BB5 /* ampImg.png in Resources */,
				DCBD87C91C57B22F00333BB5 /* back.png in Resources */,
				DCBD87C01C57A89E00333BB5 /* 4.png in Resources */,
				DCBD87BF1C57A89E00333BB5 /* 3.png in Resources */,
				DCE6B11F1C52271D002CEAFC /* answerImg.png in Resources */,
				DCBD87BC1C57A89E00333BB5 /* #.png in Resources */,
				DCBD87C51C57A89E00333BB5 /* 9.png in Resources */,
				DC9920721C58BF3D00BEBA90 /* backTo.png in Resources */,
				DCBD87C71C57ACA100333BB5 /* 0.png in Resources */,
				DCC8198C1C4FE3FF00EC8685 /* LaunchScreen.xib in Resources */,
				DCBD87C21C57A89E00333BB5 /* 6.png in Resources */,
				DCC819891C4FE3FF00EC8685 /* Images.xcassets in Resources */,
				DCBD87CB1C57B4CC00333BB5 /* digest.png in Resources */,
			);
			runOnlyForDeploymentPostprocessing = 0;
		};
		DCC8198F1C4FE3FF00EC8685 /* Resources */ = {
			isa = PBXResourcesBuildPhase;
			buildActionMask = 2147483647;
			files = (
			);
			runOnlyForDeploymentPostprocessing = 0;
		};
/* End PBXResourcesBuildPhase section */

/* Begin PBXSourcesBuildPhase section */
		DCC819711C4FE3FF00EC8685 /* Sources */ = {
			isa = PBXSourcesBuildPhase;
			buildActionMask = 2147483647;
			files = (
				DCC0CD9B1C514B6A00A7D00E /* RestWebService.m in Sources */,
				DCBD87CE1C57B61A00333BB5 /* PhoneNumberFormatter.m in Sources */,
				DCBD86FE1C52535300333BB5 /* DialingCallViewController.m in Sources */,
				DCBD87D11C57C17E00333BB5 /* DialPad.m in Sources */,
				DCC8197E1C4FE3FF00EC8685 /* AppDelegate.m in Sources */,
				DCC0974A1C795F0D00F78E6F /* ContactViewController.m in Sources */,
				DCC819811C4FE3FF00EC8685 /* Bragi.xcdatamodeld in Sources */,
				DCE6B1161C51F671002CEAFC /* IncomingCallViewController.m in Sources */,
				DCBD87D41C57CFCC00333BB5 /* GSPJUtil.m in Sources */,
				DCC819841C4FE3FF00EC8685 /* ViewController.m in Sources */,
				DCC81C821C50B80D00EC8685 /* MainViewController.m in Sources */,
				DCC8197B1C4FE3FF00EC8685 /* main.m in Sources */,
				DCC097471C795D0F00F78E6F /* HistoryViewController.m in Sources */,
			);
			runOnlyForDeploymentPostprocessing = 0;
		};
		DCC8198D1C4FE3FF00EC8685 /* Sources */ = {
			isa = PBXSourcesBuildPhase;
			buildActionMask = 2147483647;
			files = (
				DCC819981C4FE3FF00EC8685 /* BragiTests.m in Sources */,
			);
			runOnlyForDeploymentPostprocessing = 0;
		};
/* End PBXSourcesBuildPhase section */

/* Begin PBXTargetDependency section */
		DCC819931C4FE3FF00EC8685 /* PBXTargetDependency */ = {
			isa = PBXTargetDependency;
			target = DCC819741C4FE3FF00EC8685 /* Bragi */;
			targetProxy = DCC819921C4FE3FF00EC8685 /* PBXContainerItemProxy */;
		};
/* End PBXTargetDependency section */

/* Begin PBXVariantGroup section */
		DCC819851C4FE3FF00EC8685 /* Main.storyboard */ = {
			isa = PBXVariantGroup;
			children = (
				DCC819861C4FE3FF00EC8685 /* Base */,
			);
			name = Main.storyboard;
			sourceTree = "<group>";
		};
		DCC8198A1C4FE3FF00EC8685 /* LaunchScreen.xib */ = {
			isa = PBXVariantGroup;
			children = (
				DCC8198B1C4FE3FF00EC8685 /* Base */,
			);
			name = LaunchScreen.xib;
			sourceTree = "<group>";
		};
/* End PBXVariantGroup section */

/* Begin XCBuildConfiguration section */
		DCC819991C4FE3FF00EC8685 /* Debug */ = {
			isa = XCBuildConfiguration;
			buildSettings = {
				ALWAYS_SEARCH_USER_PATHS = NO;
				CLANG_CXX_LANGUAGE_STANDARD = "gnu++0x";
				CLANG_CXX_LIBRARY = "libc++";
				CLANG_ENABLE_MODULES = YES;
				CLANG_ENABLE_OBJC_ARC = YES;
				CLANG_WARN_BOOL_CONVERSION = YES;
				CLANG_WARN_CONSTANT_CONVERSION = YES;
				CLANG_WARN_DIRECT_OBJC_ISA_USAGE = YES_ERROR;
				CLANG_WARN_EMPTY_BODY = YES;
				CLANG_WARN_ENUM_CONVERSION = YES;
				CLANG_WARN_INT_CONVERSION = YES;
				CLANG_WARN_OBJC_ROOT_CLASS = YES_ERROR;
				CLANG_WARN_UNREACHABLE_CODE = YES;
				CLANG_WARN__DUPLICATE_METHOD_MATCH = YES;
				"CODE_SIGN_IDENTITY[sdk=iphoneos*]" = "iPhone Developer";
				COPY_PHASE_STRIP = NO;
				DEAD_CODE_STRIPPING = YES;
				DEBUG_INFORMATION_FORMAT = "dwarf-with-dsym";
				ENABLE_STRICT_OBJC_MSGSEND = YES;
				GCC_C_LANGUAGE_STANDARD = gnu99;
				GCC_DYNAMIC_NO_PIC = NO;
				GCC_NO_COMMON_BLOCKS = YES;
				GCC_OPTIMIZATION_LEVEL = 0;
				GCC_PREPROCESSOR_DEFINITIONS = (
					"DEBUG=1",
					"$(inherited)",
				);
				GCC_SYMBOLS_PRIVATE_EXTERN = NO;
				GCC_WARN_64_TO_32_BIT_CONVERSION = YES;
				GCC_WARN_ABOUT_RETURN_TYPE = YES_ERROR;
				GCC_WARN_UNDECLARED_SELECTOR = YES;
				GCC_WARN_UNINITIALIZED_AUTOS = YES_AGGRESSIVE;
				GCC_WARN_UNUSED_FUNCTION = YES;
				GCC_WARN_UNUSED_VARIABLE = YES;
				IPHONEOS_DEPLOYMENT_TARGET = 8.0;
				MTL_ENABLE_DEBUG_INFO = YES;
				ONLY_ACTIVE_ARCH = YES;
				SDKROOT = iphoneos;
			};
			name = Debug;
		};
		DCC8199A1C4FE3FF00EC8685 /* Release */ = {
			isa = XCBuildConfiguration;
			buildSettings = {
				ALWAYS_SEARCH_USER_PATHS = NO;
				CLANG_CXX_LANGUAGE_STANDARD = "gnu++0x";
				CLANG_CXX_LIBRARY = "libc++";
				CLANG_ENABLE_MODULES = YES;
				CLANG_ENABLE_OBJC_ARC = YES;
				CLANG_WARN_BOOL_CONVERSION = YES;
				CLANG_WARN_CONSTANT_CONVERSION = YES;
				CLANG_WARN_DIRECT_OBJC_ISA_USAGE = YES_ERROR;
				CLANG_WARN_EMPTY_BODY = YES;
				CLANG_WARN_ENUM_CONVERSION = YES;
				CLANG_WARN_INT_CONVERSION = YES;
				CLANG_WARN_OBJC_ROOT_CLASS = YES_ERROR;
				CLANG_WARN_UNREACHABLE_CODE = YES;
				CLANG_WARN__DUPLICATE_METHOD_MATCH = YES;
				"CODE_SIGN_IDENTITY[sdk=iphoneos*]" = "iPhone Developer";
				COPY_PHASE_STRIP = NO;
				DEBUG_INFORMATION_FORMAT = "dwarf-with-dsym";
				ENABLE_NS_ASSERTIONS = NO;
				ENABLE_STRICT_OBJC_MSGSEND = YES;
				GCC_C_LANGUAGE_STANDARD = gnu99;
				GCC_NO_COMMON_BLOCKS = YES;
				GCC_WARN_64_TO_32_BIT_CONVERSION = YES;
				GCC_WARN_ABOUT_RETURN_TYPE = YES_ERROR;
				GCC_WARN_UNDECLARED_SELECTOR = YES;
				GCC_WARN_UNINITIALIZED_AUTOS = YES_AGGRESSIVE;
				GCC_WARN_UNUSED_FUNCTION = YES;
				GCC_WARN_UNUSED_VARIABLE = YES;
				IPHONEOS_DEPLOYMENT_TARGET = 8.0;
				MTL_ENABLE_DEBUG_INFO = NO;
				ONLY_ACTIVE_ARCH = YES;
				SDKROOT = iphoneos;
				VALIDATE_PRODUCT = YES;
			};
			name = Release;
		};
		DCC8199C1C4FE3FF00EC8685 /* Debug */ = {
			isa = XCBuildConfiguration;
			buildSettings = {
				ASSETCATALOG_COMPILER_APPICON_NAME = AppIcon;
				CODE_SIGN_IDENTITY = "";
				"CODE_SIGN_IDENTITY[sdk=iphoneos*]" = "iPhone Developer";
				DEAD_CODE_STRIPPING = YES;
				GCC_PREPROCESSOR_DEFINITIONS = (
					"DEBUG=1",
					PJ_AUTOCONF,
				);
				HEADER_SEARCH_PATHS = (
					"$(inherited)",
					/Applications/Xcode.app/Contents/Developer/Toolchains/XcodeDefault.xctoolchain/usr/include,
					"$(PROJECT_DIR)/Bragi/PJSIP/includes/pjlib",
					"$(PROJECT_DIR)/Bragi/PJSIP/includes/pjmedia",
					"$(PROJECT_DIR)/Bragi/PJSIP/includes/pjnath",
					"$(PROJECT_DIR)/Bragi/PJSIP/includes/pjsip",
					"$(PROJECT_DIR)/Bragi/PJSIP/includes/pjlib-util",
				);
				INFOPLIST_FILE = Bragi/Info.plist;
				IPHONEOS_DEPLOYMENT_TARGET = 8.0;
				LD_RUNPATH_SEARCH_PATHS = "$(inherited) @executable_path/Frameworks";
				LIBRARY_SEARCH_PATHS = (
					"$(inherited)",
					"$(PROJECT_DIR)/Bragi/PJSIP/libs/pjlib",
					"$(PROJECT_DIR)/Bragi/PJSIP/libs/pjlib-util",
					"$(PROJECT_DIR)/Bragi/PJSIP/libs/pjmedia",
					"$(PROJECT_DIR)/Bragi/PJSIP/libs/pjnath",
					"$(PROJECT_DIR)/Bragi/PJSIP/libs/pjsip",
					"$(PROJECT_DIR)/Bragi/PJSIP/libs/third_party",
				);
				ONLY_ACTIVE_ARCH = YES;
				OTHER_LDFLAGS = (
					"-ObjC",
					"$(inherited)",
				);
				PRODUCT_NAME = "$(TARGET_NAME)";
				PROVISIONING_PROFILE = "";
			};
			name = Debug;
		};
		DCC8199D1C4FE3FF00EC8685 /* Release */ = {
			isa = XCBuildConfiguration;
			buildSettings = {
				ASSETCATALOG_COMPILER_APPICON_NAME = AppIcon;
				CODE_SIGN_IDENTITY = "";
				"CODE_SIGN_IDENTITY[sdk=iphoneos*]" = "iPhone Developer";
				DEAD_CODE_STRIPPING = YES;
				GCC_PREPROCESSOR_DEFINITIONS = PJ_AUTOCONF;
				HEADER_SEARCH_PATHS = (
					"$(inherited)",
					/Applications/Xcode.app/Contents/Developer/Toolchains/XcodeDefault.xctoolchain/usr/include,
					"$(PROJECT_DIR)/Bragi/PJSIP/includes/pjlib",
					"$(PROJECT_DIR)/Bragi/PJSIP/includes/pjmedia",
					"$(PROJECT_DIR)/Bragi/PJSIP/includes/pjnath",
					"$(PROJECT_DIR)/Bragi/PJSIP/includes/pjsip",
					"$(PROJECT_DIR)/Bragi/PJSIP/includes/pjlib-util",
				);
				INFOPLIST_FILE = Bragi/Info.plist;
				IPHONEOS_DEPLOYMENT_TARGET = 8.0;
				LD_RUNPATH_SEARCH_PATHS = "$(inherited) @executable_path/Frameworks";
				LIBRARY_SEARCH_PATHS = (
					"$(inherited)",
					"$(PROJECT_DIR)/Bragi/PJSIP/libs/pjlib",
					"$(PROJECT_DIR)/Bragi/PJSIP/libs/pjlib-util",
					"$(PROJECT_DIR)/Bragi/PJSIP/libs/pjmedia",
					"$(PROJECT_DIR)/Bragi/PJSIP/libs/pjnath",
					"$(PROJECT_DIR)/Bragi/PJSIP/libs/pjsip",
					"$(PROJECT_DIR)/Bragi/PJSIP/libs/third_party",
				);
				ONLY_ACTIVE_ARCH = YES;
				OTHER_LDFLAGS = (
					"-ObjC",
					"$(inherited)",
				);
				PRODUCT_NAME = "$(TARGET_NAME)";
				PROVISIONING_PROFILE = "";
			};
			name = Release;
		};
		DCC8199F1C4FE3FF00EC8685 /* Debug */ = {
			isa = XCBuildConfiguration;
			buildSettings = {
				BUNDLE_LOADER = "$(TEST_HOST)";
				FRAMEWORK_SEARCH_PATHS = (
					"$(SDKROOT)/Developer/Library/Frameworks",
					"$(inherited)",
				);
				GCC_PREPROCESSOR_DEFINITIONS = (
					"DEBUG=1",
					"$(inherited)",
				);
				INFOPLIST_FILE = BragiTests/Info.plist;
				LD_RUNPATH_SEARCH_PATHS = "$(inherited) @executable_path/Frameworks @loader_path/Frameworks";
				ONLY_ACTIVE_ARCH = YES;
				OTHER_LDFLAGS = (
					"$(inherited)",
					"-framework",
					XCTest,
					"-Obj-c",
				);
				PRODUCT_NAME = "$(TARGET_NAME)";
				TEST_HOST = "$(BUILT_PRODUCTS_DIR)/Bragi.app/Bragi";
			};
			name = Debug;
		};
		DCC819A01C4FE3FF00EC8685 /* Release */ = {
			isa = XCBuildConfiguration;
			buildSettings = {
				BUNDLE_LOADER = "$(TEST_HOST)";
				FRAMEWORK_SEARCH_PATHS = (
					"$(SDKROOT)/Developer/Library/Frameworks",
					"$(inherited)",
				);
				INFOPLIST_FILE = BragiTests/Info.plist;
				LD_RUNPATH_SEARCH_PATHS = "$(inherited) @executable_path/Frameworks @loader_path/Frameworks";
				ONLY_ACTIVE_ARCH = YES;
				OTHER_LDFLAGS = (
					"$(inherited)",
					"-framework",
					XCTest,
				);
				PRODUCT_NAME = "$(TARGET_NAME)";
				TEST_HOST = "$(BUILT_PRODUCTS_DIR)/Bragi.app/Bragi";
			};
			name = Release;
		};
/* End XCBuildConfiguration section */

/* Begin XCConfigurationList section */
		DCC819701C4FE3FF00EC8685 /* Build configuration list for PBXProject "Bragi" */ = {
			isa = XCConfigurationList;
			buildConfigurations = (
				DCC819991C4FE3FF00EC8685 /* Debug */,
				DCC8199A1C4FE3FF00EC8685 /* Release */,
			);
			defaultConfigurationIsVisible = 0;
			defaultConfigurationName = Release;
		};
		DCC8199B1C4FE3FF00EC8685 /* Build configuration list for PBXNativeTarget "Bragi" */ = {
			isa = XCConfigurationList;
			buildConfigurations = (
				DCC8199C1C4FE3FF00EC8685 /* Debug */,
				DCC8199D1C4FE3FF00EC8685 /* Release */,
			);
			defaultConfigurationIsVisible = 0;
			defaultConfigurationName = Release;
		};
		DCC8199E1C4FE3FF00EC8685 /* Build configuration list for PBXNativeTarget "BragiTests" */ = {
			isa = XCConfigurationList;
			buildConfigurations = (
				DCC8199F1C4FE3FF00EC8685 /* Debug */,
				DCC819A01C4FE3FF00EC8685 /* Release */,
			);
			defaultConfigurationIsVisible = 0;
			defaultConfigurationName = Release;
		};
/* End XCConfigurationList section */

/* Begin XCVersionGroup section */
		DCC8197F1C4FE3FF00EC8685 /* Bragi.xcdatamodeld */ = {
			isa = XCVersionGroup;
			children = (
				DCC819801C4FE3FF00EC8685 /* Bragi.xcdatamodel */,
			);
			currentVersion = DCC819801C4FE3FF00EC8685 /* Bragi.xcdatamodel */;
			path = Bragi.xcdatamodeld;
			sourceTree = "<group>";
			versionGroupType = wrapper.xcdatamodel;
		};
/* End XCVersionGroup section */
	};
	rootObject = DCC8196D1C4FE3FF00EC8685 /* Project object */;
}
